
Microsoft Visual Studio Solution File, Format Version 12.00
# Visual Studio Version 17
VisualStudioVersion = 17.14.37111.16
MinimumVisualStudioVersion = 10.0.40219.1
Project("{FAE04EC0-301F-11D3-BF4B-00C04F79EFBC}") = "1.2_с#_Console_App", "1.2_с#_Console_App.csproj", "{EB9B8FC9-ECF8-42BC-AE19-C86717A12705}"
EndProject
Global
	GlobalSection(SolutionConfigurationPlatforms) = preSolution
		Debug|Any CPU = Debug|Any CPU
		Release|Any CPU = Release|Any CPU
	EndGlobalSection
	GlobalSection(ProjectConfigurationPlatforms) = postSolution
		{EB9B8FC9-ECF8-42BC-AE19-C86717A12705}.Debug|Any CPU.ActiveCfg = Debug|Any CPU
		{EB9B8FC9-ECF8-42BC-AE19-C86717A12705}.Debug|Any CPU.Build.0 = Debug|Any CPU
		{EB9B8FC9-ECF8-42BC-AE19-C86717A12705}.Release|Any CPU.ActiveCfg = Release|Any CPU
		{EB9B8FC9-ECF8-42BC-AE19-C86717A12705}.Release|Any CPU.Build.0 = Release|Any CPU
	EndGlobalSection
	GlobalSection(SolutionProperties) = preSolution
		HideSolutionNode = FALSE
	EndGlobalSection
	GlobalSection(ExtensibilityGlobals) = postSolution
		SolutionGuid = {CA9FEC60-98D8-4F66-9142-C21E18A987B4}
	EndGlobalSection
EndGlobal
