
Microsoft Visual Studio Solution File, Format Version 12.00
# Visual Studio Version 17
VisualStudioVersion = 17.14.37111.16 d17.14
MinimumVisualStudioVersion = 10.0.40219.1
Project("{FAE04EC0-301F-11D3-BF4B-00C04F79EFBC}") = "5_WorkWFiles", "5_WorkWFiles.csproj", "{6D71F9C4-6E54-4114-A438-0C7FE7D0531E}"
EndProject
Global
	GlobalSection(SolutionConfigurationPlatforms) = preSolution
		Debug|Any CPU = Debug|Any CPU
		Release|Any CPU = Release|Any CPU
	EndGlobalSection
	GlobalSection(ProjectConfigurationPlatforms) = postSolution
		{6D71F9C4-6E54-4114-A438-0C7FE7D0531E}.Debug|Any CPU.ActiveCfg = Debug|Any CPU
		{6D71F9C4-6E54-4114-A438-0C7FE7D0531E}.Debug|Any CPU.Build.0 = Debug|Any CPU
		{6D71F9C4-6E54-4114-A438-0C7FE7D0531E}.Release|Any CPU.ActiveCfg = Release|Any CPU
		{6D71F9C4-6E54-4114-A438-0C7FE7D0531E}.Release|Any CPU.Build.0 = Release|Any CPU
	EndGlobalSection
	GlobalSection(SolutionProperties) = preSolution
		HideSolutionNode = FALSE
	EndGlobalSection
	GlobalSection(ExtensibilityGlobals) = postSolution
		SolutionGuid = {CF910B70-A934-487B-BECE-D36C1BBF5857}
	EndGlobalSection
EndGlobal
