
Microsoft Visual Studio Solution File, Format Version 12.00
# Visual Studio Version 17
VisualStudioVersion = 17.14.37111.16 d17.14
MinimumVisualStudioVersion = 10.0.40219.1
Project("{FAE04EC0-301F-11D3-BF4B-00C04F79EFBC}") = "6_Data_Time", "6_Data_Time.csproj", "{10EAEF6E-5A13-4805-9A11-77E046F85B84}"
EndProject
Global
	GlobalSection(SolutionConfigurationPlatforms) = preSolution
		Debug|Any CPU = Debug|Any CPU
		Release|Any CPU = Release|Any CPU
	EndGlobalSection
	GlobalSection(ProjectConfigurationPlatforms) = postSolution
		{10EAEF6E-5A13-4805-9A11-77E046F85B84}.Debug|Any CPU.ActiveCfg = Debug|Any CPU
		{10EAEF6E-5A13-4805-9A11-77E046F85B84}.Debug|Any CPU.Build.0 = Debug|Any CPU
		{10EAEF6E-5A13-4805-9A11-77E046F85B84}.Release|Any CPU.ActiveCfg = Release|Any CPU
		{10EAEF6E-5A13-4805-9A11-77E046F85B84}.Release|Any CPU.Build.0 = Release|Any CPU
	EndGlobalSection
	GlobalSection(SolutionProperties) = preSolution
		HideSolutionNode = FALSE
	EndGlobalSection
	GlobalSection(ExtensibilityGlobals) = postSolution
		SolutionGuid = {6CA0D8EE-8E23-47B9-B257-0A25D0DBED5B}
	EndGlobalSection
EndGlobal
